
Microsoft Visual Studio Solution File, Format Version 12.00
# Visual Studio Version 17
VisualStudioVersion = 17.8.34212.112
MinimumVisualStudioVersion = 10.0.40219.1
Project("{2150E333-8FDC-42A3-9474-1A3956D46DE8}") = "1. Contenido de Conceptos Basicos", "1. Contenido de Conceptos Basicos", "{0544F13F-67CB-4760-B000-DF39839BCDB7}"
EndProject
Project("{2150E333-8FDC-42A3-9474-1A3956D46DE8}") = "3. Contenido de Objetos", "3. Contenido de Objetos", "{E0291246-719F-4258-9E4F-CA69098E95A5}"
EndProject
Project("{2150E333-8FDC-42A3-9474-1A3956D46DE8}") = "2. Contenido de Metodos Estaticos", "2. Contenido de Metodos Estaticos", "{42A8DC95-1F9C-47B3-BEB7-3B3668B9F10A}"
EndProject
Project("{2150E333-8FDC-42A3-9474-1A3956D46DE8}") = "1.1 Exercise", "1.1 Exercise", "{66A33B85-B9DC-4A51-BDD2-2525DCE93A8B}"
EndProject
Project("{2150E333-8FDC-42A3-9474-1A3956D46DE8}") = "1.2 Exercise", "1.2 Exercise", "{28B631D3-F174-48CA-A56D-ED4CFAA19C7A}"
EndProject
Project("{2150E333-8FDC-42A3-9474-1A3956D46DE8}") = "1.3 Exercise", "1.3 Exercise", "{BF8C3B5E-8A9E-468B-BEFC-497199F07CBF}"
EndProject
Project("{9A19103F-16F7-4668-BE54-9A1E7A4F7556}") = "Library Exercise 1.1", "01. Contenido de Conceptos Basicos\1.1 Exercise\Library Exercise 1.1\Library Exercise 1.1.csproj", "{805EFBF7-5CDF-4FA0-91C2-C2653D017210}"
EndProject
Project("{9A19103F-16F7-4668-BE54-9A1E7A4F7556}") = "View Exercise 1.1", "01. Contenido de Conceptos Basicos\1.1 Exercise\View Exercise 1.1\View Exercise 1.1.csproj", "{A5244CE1-BCA4-466B-B6E1-24EB1D553E14}"
EndProject
Project("{9A19103F-16F7-4668-BE54-9A1E7A4F7556}") = "Library Exercise 1.2", "01. Contenido de Conceptos Basicos\1.2 Exercise\Library Exercise 1.2\Library Exercise 1.2.csproj", "{156C0469-2F88-46BB-90F4-29664AC1F105}"
EndProject
Project("{9A19103F-16F7-4668-BE54-9A1E7A4F7556}") = "View Exercise 1.2", "01. Contenido de Conceptos Basicos\1.2 Exercise\View Exercise 1.2\View Exercise 1.2.csproj", "{F450F487-29C1-42F1-AA90-F0CE5142A334}"
EndProject
Project("{9A19103F-16F7-4668-BE54-9A1E7A4F7556}") = "Library Exercise 1.3", "01. Contenido de Conceptos Basicos\1.3 Exercise\Library Exercise 1.3\Library Exercise 1.3.csproj", "{DC600BE9-2705-42C6-B9BA-A69179CAB60E}"
EndProject
Project("{9A19103F-16F7-4668-BE54-9A1E7A4F7556}") = "View Exercise 1.3", "01. Contenido de Conceptos Basicos\1.3 Exercise\View Exercise 1.3\View Exercise 1.3.csproj", "{C77F91F1-C6AB-4A75-A555-E6DF9D5B61B9}"
EndProject
Project("{FAE04EC0-301F-11D3-BF4B-00C04F79EFBC}") = "View For Static Methods", "02. Contenido de Metodos Estaticos\View For Static Methods\View For Static Methods.csproj", "{81749D8A-21E6-41C0-A13C-1F33EDC3D54A}"
EndProject
Project("{FAE04EC0-301F-11D3-BF4B-00C04F79EFBC}") = "Library 02.0.01", "02. Contenido de Metodos Estaticos\Library 02.0.01\Library 02.0.01.csproj", "{B3257D61-363D-4659-90B8-0F97E16BF1C0}"
EndProject
Global
	GlobalSection(SolutionConfigurationPlatforms) = preSolution
		Debug|Any CPU = Debug|Any CPU
		Release|Any CPU = Release|Any CPU
	EndGlobalSection
	GlobalSection(ProjectConfigurationPlatforms) = postSolution
		{805EFBF7-5CDF-4FA0-91C2-C2653D017210}.Debug|Any CPU.ActiveCfg = Debug|Any CPU
		{805EFBF7-5CDF-4FA0-91C2-C2653D017210}.Debug|Any CPU.Build.0 = Debug|Any CPU
		{805EFBF7-5CDF-4FA0-91C2-C2653D017210}.Release|Any CPU.ActiveCfg = Release|Any CPU
		{805EFBF7-5CDF-4FA0-91C2-C2653D017210}.Release|Any CPU.Build.0 = Release|Any CPU
		{A5244CE1-BCA4-466B-B6E1-24EB1D553E14}.Debug|Any CPU.ActiveCfg = Debug|Any CPU
		{A5244CE1-BCA4-466B-B6E1-24EB1D553E14}.Debug|Any CPU.Build.0 = Debug|Any CPU
		{A5244CE1-BCA4-466B-B6E1-24EB1D553E14}.Release|Any CPU.ActiveCfg = Release|Any CPU
		{A5244CE1-BCA4-466B-B6E1-24EB1D553E14}.Release|Any CPU.Build.0 = Release|Any CPU
		{156C0469-2F88-46BB-90F4-29664AC1F105}.Debug|Any CPU.ActiveCfg = Debug|Any CPU
		{156C0469-2F88-46BB-90F4-29664AC1F105}.Debug|Any CPU.Build.0 = Debug|Any CPU
		{156C0469-2F88-46BB-90F4-29664AC1F105}.Release|Any CPU.ActiveCfg = Release|Any CPU
		{156C0469-2F88-46BB-90F4-29664AC1F105}.Release|Any CPU.Build.0 = Release|Any CPU
		{F450F487-29C1-42F1-AA90-F0CE5142A334}.Debug|Any CPU.ActiveCfg = Debug|Any CPU
		{F450F487-29C1-42F1-AA90-F0CE5142A334}.Debug|Any CPU.Build.0 = Debug|Any CPU
		{F450F487-29C1-42F1-AA90-F0CE5142A334}.Release|Any CPU.ActiveCfg = Release|Any CPU
		{F450F487-29C1-42F1-AA90-F0CE5142A334}.Release|Any CPU.Build.0 = Release|Any CPU
		{DC600BE9-2705-42C6-B9BA-A69179CAB60E}.Debug|Any CPU.ActiveCfg = Debug|Any CPU
		{DC600BE9-2705-42C6-B9BA-A69179CAB60E}.Debug|Any CPU.Build.0 = Debug|Any CPU
		{DC600BE9-2705-42C6-B9BA-A69179CAB60E}.Release|Any CPU.ActiveCfg = Release|Any CPU
		{DC600BE9-2705-42C6-B9BA-A69179CAB60E}.Release|Any CPU.Build.0 = Release|Any CPU
		{C77F91F1-C6AB-4A75-A555-E6DF9D5B61B9}.Debug|Any CPU.ActiveCfg = Debug|Any CPU
		{C77F91F1-C6AB-4A75-A555-E6DF9D5B61B9}.Debug|Any CPU.Build.0 = Debug|Any CPU
		{C77F91F1-C6AB-4A75-A555-E6DF9D5B61B9}.Release|Any CPU.ActiveCfg = Release|Any CPU
		{C77F91F1-C6AB-4A75-A555-E6DF9D5B61B9}.Release|Any CPU.Build.0 = Release|Any CPU
		{81749D8A-21E6-41C0-A13C-1F33EDC3D54A}.Debug|Any CPU.ActiveCfg = Debug|Any CPU
		{81749D8A-21E6-41C0-A13C-1F33EDC3D54A}.Debug|Any CPU.Build.0 = Debug|Any CPU
		{81749D8A-21E6-41C0-A13C-1F33EDC3D54A}.Release|Any CPU.ActiveCfg = Release|Any CPU
		{81749D8A-21E6-41C0-A13C-1F33EDC3D54A}.Release|Any CPU.Build.0 = Release|Any CPU
		{B3257D61-363D-4659-90B8-0F97E16BF1C0}.Debug|Any CPU.ActiveCfg = Debug|Any CPU
		{B3257D61-363D-4659-90B8-0F97E16BF1C0}.Debug|Any CPU.Build.0 = Debug|Any CPU
		{B3257D61-363D-4659-90B8-0F97E16BF1C0}.Release|Any CPU.ActiveCfg = Release|Any CPU
		{B3257D61-363D-4659-90B8-0F97E16BF1C0}.Release|Any CPU.Build.0 = Release|Any CPU
	EndGlobalSection
	GlobalSection(SolutionProperties) = preSolution
		HideSolutionNode = FALSE
	EndGlobalSection
	GlobalSection(NestedProjects) = preSolution
		{66A33B85-B9DC-4A51-BDD2-2525DCE93A8B} = {0544F13F-67CB-4760-B000-DF39839BCDB7}
		{28B631D3-F174-48CA-A56D-ED4CFAA19C7A} = {0544F13F-67CB-4760-B000-DF39839BCDB7}
		{BF8C3B5E-8A9E-468B-BEFC-497199F07CBF} = {0544F13F-67CB-4760-B000-DF39839BCDB7}
		{805EFBF7-5CDF-4FA0-91C2-C2653D017210} = {66A33B85-B9DC-4A51-BDD2-2525DCE93A8B}
		{A5244CE1-BCA4-466B-B6E1-24EB1D553E14} = {66A33B85-B9DC-4A51-BDD2-2525DCE93A8B}
		{156C0469-2F88-46BB-90F4-29664AC1F105} = {28B631D3-F174-48CA-A56D-ED4CFAA19C7A}
		{F450F487-29C1-42F1-AA90-F0CE5142A334} = {28B631D3-F174-48CA-A56D-ED4CFAA19C7A}
		{DC600BE9-2705-42C6-B9BA-A69179CAB60E} = {BF8C3B5E-8A9E-468B-BEFC-497199F07CBF}
		{C77F91F1-C6AB-4A75-A555-E6DF9D5B61B9} = {BF8C3B5E-8A9E-468B-BEFC-497199F07CBF}
		{81749D8A-21E6-41C0-A13C-1F33EDC3D54A} = {42A8DC95-1F9C-47B3-BEB7-3B3668B9F10A}
		{B3257D61-363D-4659-90B8-0F97E16BF1C0} = {42A8DC95-1F9C-47B3-BEB7-3B3668B9F10A}
	EndGlobalSection
	GlobalSection(ExtensibilityGlobals) = postSolution
		SolutionGuid = {A1F3F4B6-A57C-4615-A1A2-916E35880697}
	EndGlobalSection
EndGlobal
