
Microsoft Visual Studio Solution File, Format Version 12.00
# Visual Studio Version 17
VisualStudioVersion = 17.8.34212.112
MinimumVisualStudioVersion = 10.0.40219.1
Project("{2150E333-8FDC-42A3-9474-1A3956D46DE8}") = "01. Conceptos Basicos", "01. Conceptos Basicos", "{0544F13F-67CB-4760-B000-DF39839BCDB7}"
EndProject
Project("{2150E333-8FDC-42A3-9474-1A3956D46DE8}") = "03. Contenido de Objetos", "03. Contenido de Objetos", "{E0291246-719F-4258-9E4F-CA69098E95A5}"
EndProject
Project("{2150E333-8FDC-42A3-9474-1A3956D46DE8}") = "02. Metodos Estaticos y de Instancia", "02. Metodos Estaticos y de Instancia", "{42A8DC95-1F9C-47B3-BEB7-3B3668B9F10A}"
EndProject
Project("{9A19103F-16F7-4668-BE54-9A1E7A4F7556}") = "Library Example 02.0.01", "02. Contenido de Metodos Estaticos\Library Example 02.0.01\Library Example 02.0.01.csproj", "{2944DB7E-80D6-49D1-B715-86893CCEE299}"
EndProject
Project("{9A19103F-16F7-4668-BE54-9A1E7A4F7556}") = "Library Example 02.0.02", "02. Contenido de Metodos Estaticos\Library Example 02.0.02\Library Example 02.0.02.csproj", "{97E3EF68-E4F9-4782-B1A6-187F49EFB4EE}"
EndProject
Project("{2150E333-8FDC-42A3-9474-1A3956D46DE8}") = "04. Sobrecarga", "04. Sobrecarga", "{1228412C-AF0E-4B95-B1E0-FB782649AF4E}"
EndProject
Project("{2150E333-8FDC-42A3-9474-1A3956D46DE8}") = "00. Base Class Library", "00. Base Class Library", "{9FE9955D-8A10-4BFB-B9D3-425A806E2F93}"
EndProject
Project("{9A19103F-16F7-4668-BE54-9A1E7A4F7556}") = "Library Example 02.0.03", "02. Contenido de Metodos Estaticos\Library Example 02.0.03\Library Example 02.0.03.csproj", "{7AC99A5B-0DD2-44AC-ABDE-548D80FFAFBA}"
EndProject
Project("{9A19103F-16F7-4668-BE54-9A1E7A4F7556}") = "Library Example 02.0.04", "02. Contenido de Metodos Estaticos\Library Example 02.0.04\Library Example 02.0.04.csproj", "{9AF964C4-A769-4DEC-9A06-3324E01463FA}"
EndProject
Project("{9A19103F-16F7-4668-BE54-9A1E7A4F7556}") = "Library Example 02.0.05", "02. Contenido de Metodos Estaticos\Library Example 02.0.05\Library Example 02.0.05.csproj", "{D7BBCF0D-BE21-4934-AC7F-1BD8889E8706}"
EndProject
Project("{9A19103F-16F7-4668-BE54-9A1E7A4F7556}") = "View for Static Methods Examples", "02. Contenido de Metodos Estaticos\View for Static Methods Examples\View for Static Methods Examples.csproj", "{F0F2963E-5832-41B3-9368-BBAB70734FAD}"
EndProject
Project("{9A19103F-16F7-4668-BE54-9A1E7A4F7556}") = "Console Example 03.0.01", "03. Contenido de Objetos\Console Example 03.0.01\Console Example 03.0.01.csproj", "{FFC5D18E-6EC5-4A83-A5FD-A7310DD258FA}"
EndProject
Project("{9A19103F-16F7-4668-BE54-9A1E7A4F7556}") = "Console Example 03.0.02", "03. Contenido de Objetos\Console Example 03.0.02\Console Example 03.0.02.csproj", "{FD05EBA1-108D-4526-B5E2-D88F9256F339}"
EndProject
Project("{9A19103F-16F7-4668-BE54-9A1E7A4F7556}") = "Console Example 03.0.03", "03. Contenido de Objetos\Console Example 03.0.03\Console Example 03.0.03.csproj", "{D5153EC9-6D63-4BB4-AD35-AB819A9E5213}"
EndProject
Project("{9A19103F-16F7-4668-BE54-9A1E7A4F7556}") = "Console Example 03.0.04", "03. Contenido de Objetos\Console Example 03.0.04\Console Example 03.0.04.csproj", "{10456013-7D8B-4032-96BC-AF0FB6D06226}"
EndProject
Project("{9A19103F-16F7-4668-BE54-9A1E7A4F7556}") = "Console Example 03.0.05", "03. Contenido de Objetos\Console Example 03.0.05\Console Example 03.0.05.csproj", "{D5C852F1-0120-43CB-8885-786B6E6F8F9C}"
EndProject
Project("{9A19103F-16F7-4668-BE54-9A1E7A4F7556}") = "Method Overloading Examples", "04. Contenido de Sobrecarga\Method Overloading Examples\Method Overloading Examples.csproj", "{BD81EF84-9965-4971-9A4E-82929077B47A}"
EndProject
Project("{9A19103F-16F7-4668-BE54-9A1E7A4F7556}") = "Constructor Overloading Examples", "04. Contenido de Sobrecarga\Constructor Overloading Examples\Constructor Overloading Examples.csproj", "{A5D215C5-4B70-4C1F-8AC6-76B2A3CE350B}"
EndProject
Project("{9A19103F-16F7-4668-BE54-9A1E7A4F7556}") = "Operator Overloading Examples", "04. Contenido de Sobrecarga\Operator Overloading Examples\Operator Overloading Examples.csproj", "{54E3A6BD-6778-469C-8EDC-BEBFC5BE58BA}"
EndProject
Project("{9A19103F-16F7-4668-BE54-9A1E7A4F7556}") = "Implicit and Explicit Operators Conversion Examples", "04. Contenido de Sobrecarga\Implicit and Explicit Operators Conversion Examples\Implicit and Explicit Operators Conversion Examples.csproj", "{3AE9ED82-69F0-42E7-BA8C-488D2FE8D068}"
EndProject
Project("{9A19103F-16F7-4668-BE54-9A1E7A4F7556}") = "Operators", "01. Contenido de Conceptos Basicos\Operators\Operators.csproj", "{8632C119-199C-4279-8D2D-A102AF274D2D}"
EndProject
Project("{9A19103F-16F7-4668-BE54-9A1E7A4F7556}") = "Nullables", "01. Contenido de Conceptos Basicos\Nullables\Nullables.csproj", "{7D5D24FB-F94C-419F-8538-0D73130DE446}"
EndProject
Project("{9A19103F-16F7-4668-BE54-9A1E7A4F7556}") = "Naming Conventions", "01. Contenido de Conceptos Basicos\Naming Conventions\Naming Conventions.csproj", "{CBF33B57-2B82-463D-9F4C-C62000A7373B}"
EndProject
Project("{9A19103F-16F7-4668-BE54-9A1E7A4F7556}") = "TryParse usage", "01. Contenido de Conceptos Basicos\TryParse usage\TryParse usage.csproj", "{A1395AB4-78FD-4064-80C2-C7D57327CB94}"
EndProject
Project("{9A19103F-16F7-4668-BE54-9A1E7A4F7556}") = "02.1.01 Library", "02. Contenido de Metodos Estaticos\02.1.01 Library\02.1.01 Library.csproj", "{F2C100B9-1CEF-4EEF-8D5C-6353BDDD4E1E}"
EndProject
Project("{9A19103F-16F7-4668-BE54-9A1E7A4F7556}") = "02.1.01 View", "02. Contenido de Metodos Estaticos\02.1.01 View\02.1.01 View.csproj", "{61CD81C3-4AA3-4D6D-BF16-2107604BAC52}"
EndProject
Project("{9A19103F-16F7-4668-BE54-9A1E7A4F7556}") = "02.1.02 Library", "02. Contenido de Metodos Estaticos\02.1.02 Library\02.1.02 Library.csproj", "{35AE06CA-92E9-4E2C-AD03-FFCE534FDD3A}"
EndProject
Project("{9A19103F-16F7-4668-BE54-9A1E7A4F7556}") = "02.1.02 View", "02. Contenido de Metodos Estaticos\02.1.02 View\02.1.02 View.csproj", "{078008EE-8386-4C53-8031-155A27F14848}"
EndProject
Project("{9A19103F-16F7-4668-BE54-9A1E7A4F7556}") = "02.1.03 Library", "02. Contenido de Metodos Estaticos\02.1.03 Library\02.1.03 Library.csproj", "{AD322120-B018-4C07-A89D-958E9552C97C}"
EndProject
Project("{9A19103F-16F7-4668-BE54-9A1E7A4F7556}") = "02.1.03 View", "02. Contenido de Metodos Estaticos\02.1.03 View\02.1.03 View.csproj", "{77BA8062-9620-4216-8DA9-9FFB9FE183B3}"
EndProject
Project("{9A19103F-16F7-4668-BE54-9A1E7A4F7556}") = "02.1.04 Library", "02. Contenido de Metodos Estaticos\02.1.04 Library\02.1.04 Library.csproj", "{F9BD3C6A-37BC-464B-8863-0D15ADA74DE8}"
EndProject
Project("{9A19103F-16F7-4668-BE54-9A1E7A4F7556}") = "02.1.04 View", "02. Contenido de Metodos Estaticos\02.1.04 View\02.1.04 View.csproj", "{98BF1718-AD7C-40DA-8B8A-5665080FB8CF}"
EndProject
Project("{9A19103F-16F7-4668-BE54-9A1E7A4F7556}") = "02.1.05 Library", "02. Contenido de Metodos Estaticos\02.1.05 Library\02.1.05 Library.csproj", "{EF48FA09-B5F6-478A-8040-F96485C51D84}"
EndProject
Project("{9A19103F-16F7-4668-BE54-9A1E7A4F7556}") = "02.1.05 View", "02. Contenido de Metodos Estaticos\02.1.05 View\02.1.05 View.csproj", "{4A84774D-60E3-476B-AF81-71D1D8B0ED34}"
EndProject
Project("{9A19103F-16F7-4668-BE54-9A1E7A4F7556}") = "03.1.01 Library", "03. Contenido de Objetos\03.1.01 Library\03.1.01 Library.csproj", "{AEC990D7-7EA7-49F7-BB72-445212BC96FD}"
EndProject
Project("{9A19103F-16F7-4668-BE54-9A1E7A4F7556}") = "03.1.01 View", "03. Contenido de Objetos\03.1.01 View\03.1.01 View.csproj", "{A3DBF398-342C-419F-9634-8E4BC6855891}"
EndProject
Project("{9A19103F-16F7-4668-BE54-9A1E7A4F7556}") = "03.1.02 View", "03. Contenido de Objetos\03.1.02 View\03.1.02 View.csproj", "{7A503A35-983B-4D10-9384-AD59037BE548}"
EndProject
Project("{9A19103F-16F7-4668-BE54-9A1E7A4F7556}") = "03.1.02 Library", "03. Contenido de Objetos\03.1.02 Library\03.1.02 Library.csproj", "{6F64C37A-2AB9-47B0-989B-867646F08044}"
EndProject
Project("{9A19103F-16F7-4668-BE54-9A1E7A4F7556}") = "Console to work with DateTime", "00. Trabajando con la Base Class Library\Console to work with DateTime\Console to work with DateTime.csproj", "{1C194D19-50CB-481F-89EA-E9915ADACC47}"
EndProject
Project("{9A19103F-16F7-4668-BE54-9A1E7A4F7556}") = "Console to work with dynamic", "00. Trabajando con la Base Class Library\Console to work with dynamic\Console to work with dynamic.csproj", "{B5FD52B9-3032-4D2A-B7E4-99AC1C7E812D}"
EndProject
Project("{9A19103F-16F7-4668-BE54-9A1E7A4F7556}") = "Console to work with Math", "00. Trabajando con la Base Class Library\Console to work with Math\Console to work with Math.csproj", "{B1F7E2DA-9CDF-4AE9-B9F9-8160312EE392}"
EndProject
Project("{9A19103F-16F7-4668-BE54-9A1E7A4F7556}") = "Console to work with object", "00. Trabajando con la Base Class Library\Console to work with object\Console to work with object.csproj", "{5F0C8193-C721-415B-B1A8-C7DA930C46A4}"
EndProject
Project("{9A19103F-16F7-4668-BE54-9A1E7A4F7556}") = "Console to work with Random", "00. Trabajando con la Base Class Library\Console to work with Random\Console to work with Random.csproj", "{244D7BF7-E69C-461F-B764-3BE985FCF006}"
EndProject
Project("{9A19103F-16F7-4668-BE54-9A1E7A4F7556}") = "Console to work with StringBuilder", "00. Trabajando con la Base Class Library\Console to work with StringBuilder\Console to work with StringBuilder.csproj", "{E2B7A01F-AF37-4FB8-8C7C-861C280D5902}"
EndProject
Project("{9A19103F-16F7-4668-BE54-9A1E7A4F7556}") = "Console to work with Strings", "00. Trabajando con la Base Class Library\Console to work with Strings\Console to work with Strings.csproj", "{99BFDE7C-EECA-4BFE-BB77-E0947709C0D3}"
EndProject
Project("{9A19103F-16F7-4668-BE54-9A1E7A4F7556}") = "Console to work with TimeSpan", "00. Trabajando con la Base Class Library\Console to work with TimeSpan\Console to work with TimeSpan.csproj", "{47CFEBA9-2A80-4CBB-952D-462BC8714B75}"
EndProject
Project("{9A19103F-16F7-4668-BE54-9A1E7A4F7556}") = "03.1.03 Library", "03. Contenido de Objetos\03.1.03 Library\03.1.03 Library.csproj", "{1F463EFB-C1F2-40D3-90B7-8B41E8CE3105}"
EndProject
Project("{9A19103F-16F7-4668-BE54-9A1E7A4F7556}") = "03.1.03 View", "03. Contenido de Objetos\03.1.03 View\03.1.03 View.csproj", "{AFE14721-C73A-424F-A1EA-78994F28E4B5}"
EndProject
Project("{9A19103F-16F7-4668-BE54-9A1E7A4F7556}") = "03.1.04 View", "03. Contenido de Objetos\03.1.04 View\03.1.04 View.csproj", "{E4D54E89-3332-407B-85B4-D4D472E6932B}"
EndProject
Project("{9A19103F-16F7-4668-BE54-9A1E7A4F7556}") = "03.1.04 Library", "03. Contenido de Objetos\03.1.04 Library\03.1.04 Library.csproj", "{907B4B29-BCC5-4608-B49F-74B8926D6D9A}"
EndProject
Project("{9A19103F-16F7-4668-BE54-9A1E7A4F7556}") = "04.1.02 View", "04. Contenido de Sobrecarga\04.1.02 View\04.1.02 View.csproj", "{720A122D-796B-4144-ABF3-C389A12C0EA5}"
EndProject
Project("{9A19103F-16F7-4668-BE54-9A1E7A4F7556}") = "04.1.02 Library", "04. Contenido de Sobrecarga\04.1.02 Library\04.1.02 Library.csproj", "{9455FE56-2904-4830-B122-9F2F3BC96417}"
EndProject
Project("{9A19103F-16F7-4668-BE54-9A1E7A4F7556}") = "04.1.01 Library", "04. Contenido de Sobrecarga\04.1.01 Library\04.1.01 Library.csproj", "{EB571991-F266-4AFC-ADF9-C3ED81EE491D}"
EndProject
Project("{9A19103F-16F7-4668-BE54-9A1E7A4F7556}") = "04.1.01 View", "04. Contenido de Sobrecarga\04.1.01 View\04.1.01 View.csproj", "{F5C8551E-F377-45E1-AAFD-91527D035CAD}"
EndProject
Project("{9A19103F-16F7-4668-BE54-9A1E7A4F7556}") = "04.1.03 View", "04. Contenido de Sobrecarga\04.1.03 View\04.1.03 View.csproj", "{FC37682A-B80D-4135-893C-3CB0049E844E}"
EndProject
Project("{9A19103F-16F7-4668-BE54-9A1E7A4F7556}") = "04.1.03 Library", "04. Contenido de Sobrecarga\04.1.03 Library\04.1.03 Library.csproj", "{2F01788A-7FE9-4A29-84B4-3A61AD987A57}"
EndProject
Project("{9A19103F-16F7-4668-BE54-9A1E7A4F7556}") = "04.1.04 View", "04. Contenido de Sobrecarga\04.1.04 View\04.1.04 View.csproj", "{184FCE4E-46D8-4CAF-A8E3-6E62174C1CFF}"
EndProject
Project("{9A19103F-16F7-4668-BE54-9A1E7A4F7556}") = "04.1.04 Library", "04. Contenido de Sobrecarga\04.1.04 Library\04.1.04 Library.csproj", "{EF367516-B5A2-403C-ABC6-57D980A84A86}"
EndProject
Project("{9A19103F-16F7-4668-BE54-9A1E7A4F7556}") = "Library Example 02.0.06", "02. Contenido de Metodos Estaticos\Library Example 02.0.06\Library Example 02.0.06.csproj", "{45F1EF82-07C7-4536-A313-B82D523114A7}"
EndProject
Project("{FAE04EC0-301F-11D3-BF4B-00C04F79EFBC}") = "View Example 02.0.06", "02. Contenido de Metodos Estaticos\View Example 02.0.06\View Example 02.0.06.csproj", "{162013FF-DC38-4CAC-95BA-7CA76704FAFC}"
EndProject
Global
	GlobalSection(SolutionConfigurationPlatforms) = preSolution
		Debug|Any CPU = Debug|Any CPU
		Release|Any CPU = Release|Any CPU
	EndGlobalSection
	GlobalSection(ProjectConfigurationPlatforms) = postSolution
		{2944DB7E-80D6-49D1-B715-86893CCEE299}.Debug|Any CPU.ActiveCfg = Debug|Any CPU
		{2944DB7E-80D6-49D1-B715-86893CCEE299}.Debug|Any CPU.Build.0 = Debug|Any CPU
		{2944DB7E-80D6-49D1-B715-86893CCEE299}.Release|Any CPU.ActiveCfg = Release|Any CPU
		{2944DB7E-80D6-49D1-B715-86893CCEE299}.Release|Any CPU.Build.0 = Release|Any CPU
		{97E3EF68-E4F9-4782-B1A6-187F49EFB4EE}.Debug|Any CPU.ActiveCfg = Debug|Any CPU
		{97E3EF68-E4F9-4782-B1A6-187F49EFB4EE}.Debug|Any CPU.Build.0 = Debug|Any CPU
		{97E3EF68-E4F9-4782-B1A6-187F49EFB4EE}.Release|Any CPU.ActiveCfg = Release|Any CPU
		{97E3EF68-E4F9-4782-B1A6-187F49EFB4EE}.Release|Any CPU.Build.0 = Release|Any CPU
		{7AC99A5B-0DD2-44AC-ABDE-548D80FFAFBA}.Debug|Any CPU.ActiveCfg = Debug|Any CPU
		{7AC99A5B-0DD2-44AC-ABDE-548D80FFAFBA}.Debug|Any CPU.Build.0 = Debug|Any CPU
		{7AC99A5B-0DD2-44AC-ABDE-548D80FFAFBA}.Release|Any CPU.ActiveCfg = Release|Any CPU
		{7AC99A5B-0DD2-44AC-ABDE-548D80FFAFBA}.Release|Any CPU.Build.0 = Release|Any CPU
		{9AF964C4-A769-4DEC-9A06-3324E01463FA}.Debug|Any CPU.ActiveCfg = Debug|Any CPU
		{9AF964C4-A769-4DEC-9A06-3324E01463FA}.Debug|Any CPU.Build.0 = Debug|Any CPU
		{9AF964C4-A769-4DEC-9A06-3324E01463FA}.Release|Any CPU.ActiveCfg = Release|Any CPU
		{9AF964C4-A769-4DEC-9A06-3324E01463FA}.Release|Any CPU.Build.0 = Release|Any CPU
		{D7BBCF0D-BE21-4934-AC7F-1BD8889E8706}.Debug|Any CPU.ActiveCfg = Debug|Any CPU
		{D7BBCF0D-BE21-4934-AC7F-1BD8889E8706}.Debug|Any CPU.Build.0 = Debug|Any CPU
		{D7BBCF0D-BE21-4934-AC7F-1BD8889E8706}.Release|Any CPU.ActiveCfg = Release|Any CPU
		{D7BBCF0D-BE21-4934-AC7F-1BD8889E8706}.Release|Any CPU.Build.0 = Release|Any CPU
		{F0F2963E-5832-41B3-9368-BBAB70734FAD}.Debug|Any CPU.ActiveCfg = Debug|Any CPU
		{F0F2963E-5832-41B3-9368-BBAB70734FAD}.Debug|Any CPU.Build.0 = Debug|Any CPU
		{F0F2963E-5832-41B3-9368-BBAB70734FAD}.Release|Any CPU.ActiveCfg = Release|Any CPU
		{F0F2963E-5832-41B3-9368-BBAB70734FAD}.Release|Any CPU.Build.0 = Release|Any CPU
		{FFC5D18E-6EC5-4A83-A5FD-A7310DD258FA}.Debug|Any CPU.ActiveCfg = Debug|Any CPU
		{FFC5D18E-6EC5-4A83-A5FD-A7310DD258FA}.Debug|Any CPU.Build.0 = Debug|Any CPU
		{FFC5D18E-6EC5-4A83-A5FD-A7310DD258FA}.Release|Any CPU.ActiveCfg = Release|Any CPU
		{FFC5D18E-6EC5-4A83-A5FD-A7310DD258FA}.Release|Any CPU.Build.0 = Release|Any CPU
		{FD05EBA1-108D-4526-B5E2-D88F9256F339}.Debug|Any CPU.ActiveCfg = Debug|Any CPU
		{FD05EBA1-108D-4526-B5E2-D88F9256F339}.Debug|Any CPU.Build.0 = Debug|Any CPU
		{FD05EBA1-108D-4526-B5E2-D88F9256F339}.Release|Any CPU.ActiveCfg = Release|Any CPU
		{FD05EBA1-108D-4526-B5E2-D88F9256F339}.Release|Any CPU.Build.0 = Release|Any CPU
		{D5153EC9-6D63-4BB4-AD35-AB819A9E5213}.Debug|Any CPU.ActiveCfg = Debug|Any CPU
		{D5153EC9-6D63-4BB4-AD35-AB819A9E5213}.Debug|Any CPU.Build.0 = Debug|Any CPU
		{D5153EC9-6D63-4BB4-AD35-AB819A9E5213}.Release|Any CPU.ActiveCfg = Release|Any CPU
		{D5153EC9-6D63-4BB4-AD35-AB819A9E5213}.Release|Any CPU.Build.0 = Release|Any CPU
		{10456013-7D8B-4032-96BC-AF0FB6D06226}.Debug|Any CPU.ActiveCfg = Debug|Any CPU
		{10456013-7D8B-4032-96BC-AF0FB6D06226}.Debug|Any CPU.Build.0 = Debug|Any CPU
		{10456013-7D8B-4032-96BC-AF0FB6D06226}.Release|Any CPU.ActiveCfg = Release|Any CPU
		{10456013-7D8B-4032-96BC-AF0FB6D06226}.Release|Any CPU.Build.0 = Release|Any CPU
		{D5C852F1-0120-43CB-8885-786B6E6F8F9C}.Debug|Any CPU.ActiveCfg = Debug|Any CPU
		{D5C852F1-0120-43CB-8885-786B6E6F8F9C}.Debug|Any CPU.Build.0 = Debug|Any CPU
		{D5C852F1-0120-43CB-8885-786B6E6F8F9C}.Release|Any CPU.ActiveCfg = Release|Any CPU
		{D5C852F1-0120-43CB-8885-786B6E6F8F9C}.Release|Any CPU.Build.0 = Release|Any CPU
		{BD81EF84-9965-4971-9A4E-82929077B47A}.Debug|Any CPU.ActiveCfg = Debug|Any CPU
		{BD81EF84-9965-4971-9A4E-82929077B47A}.Debug|Any CPU.Build.0 = Debug|Any CPU
		{BD81EF84-9965-4971-9A4E-82929077B47A}.Release|Any CPU.ActiveCfg = Release|Any CPU
		{BD81EF84-9965-4971-9A4E-82929077B47A}.Release|Any CPU.Build.0 = Release|Any CPU
		{A5D215C5-4B70-4C1F-8AC6-76B2A3CE350B}.Debug|Any CPU.ActiveCfg = Debug|Any CPU
		{A5D215C5-4B70-4C1F-8AC6-76B2A3CE350B}.Debug|Any CPU.Build.0 = Debug|Any CPU
		{A5D215C5-4B70-4C1F-8AC6-76B2A3CE350B}.Release|Any CPU.ActiveCfg = Release|Any CPU
		{A5D215C5-4B70-4C1F-8AC6-76B2A3CE350B}.Release|Any CPU.Build.0 = Release|Any CPU
		{54E3A6BD-6778-469C-8EDC-BEBFC5BE58BA}.Debug|Any CPU.ActiveCfg = Debug|Any CPU
		{54E3A6BD-6778-469C-8EDC-BEBFC5BE58BA}.Debug|Any CPU.Build.0 = Debug|Any CPU
		{54E3A6BD-6778-469C-8EDC-BEBFC5BE58BA}.Release|Any CPU.ActiveCfg = Release|Any CPU
		{54E3A6BD-6778-469C-8EDC-BEBFC5BE58BA}.Release|Any CPU.Build.0 = Release|Any CPU
		{3AE9ED82-69F0-42E7-BA8C-488D2FE8D068}.Debug|Any CPU.ActiveCfg = Debug|Any CPU
		{3AE9ED82-69F0-42E7-BA8C-488D2FE8D068}.Debug|Any CPU.Build.0 = Debug|Any CPU
		{3AE9ED82-69F0-42E7-BA8C-488D2FE8D068}.Release|Any CPU.ActiveCfg = Release|Any CPU
		{3AE9ED82-69F0-42E7-BA8C-488D2FE8D068}.Release|Any CPU.Build.0 = Release|Any CPU
		{8632C119-199C-4279-8D2D-A102AF274D2D}.Debug|Any CPU.ActiveCfg = Debug|Any CPU
		{8632C119-199C-4279-8D2D-A102AF274D2D}.Debug|Any CPU.Build.0 = Debug|Any CPU
		{8632C119-199C-4279-8D2D-A102AF274D2D}.Release|Any CPU.ActiveCfg = Release|Any CPU
		{8632C119-199C-4279-8D2D-A102AF274D2D}.Release|Any CPU.Build.0 = Release|Any CPU
		{7D5D24FB-F94C-419F-8538-0D73130DE446}.Debug|Any CPU.ActiveCfg = Debug|Any CPU
		{7D5D24FB-F94C-419F-8538-0D73130DE446}.Debug|Any CPU.Build.0 = Debug|Any CPU
		{7D5D24FB-F94C-419F-8538-0D73130DE446}.Release|Any CPU.ActiveCfg = Release|Any CPU
		{7D5D24FB-F94C-419F-8538-0D73130DE446}.Release|Any CPU.Build.0 = Release|Any CPU
		{CBF33B57-2B82-463D-9F4C-C62000A7373B}.Debug|Any CPU.ActiveCfg = Debug|Any CPU
		{CBF33B57-2B82-463D-9F4C-C62000A7373B}.Debug|Any CPU.Build.0 = Debug|Any CPU
		{CBF33B57-2B82-463D-9F4C-C62000A7373B}.Release|Any CPU.ActiveCfg = Release|Any CPU
		{CBF33B57-2B82-463D-9F4C-C62000A7373B}.Release|Any CPU.Build.0 = Release|Any CPU
		{A1395AB4-78FD-4064-80C2-C7D57327CB94}.Debug|Any CPU.ActiveCfg = Debug|Any CPU
		{A1395AB4-78FD-4064-80C2-C7D57327CB94}.Debug|Any CPU.Build.0 = Debug|Any CPU
		{A1395AB4-78FD-4064-80C2-C7D57327CB94}.Release|Any CPU.ActiveCfg = Release|Any CPU
		{A1395AB4-78FD-4064-80C2-C7D57327CB94}.Release|Any CPU.Build.0 = Release|Any CPU
		{F2C100B9-1CEF-4EEF-8D5C-6353BDDD4E1E}.Debug|Any CPU.ActiveCfg = Debug|Any CPU
		{F2C100B9-1CEF-4EEF-8D5C-6353BDDD4E1E}.Debug|Any CPU.Build.0 = Debug|Any CPU
		{F2C100B9-1CEF-4EEF-8D5C-6353BDDD4E1E}.Release|Any CPU.ActiveCfg = Release|Any CPU
		{F2C100B9-1CEF-4EEF-8D5C-6353BDDD4E1E}.Release|Any CPU.Build.0 = Release|Any CPU
		{61CD81C3-4AA3-4D6D-BF16-2107604BAC52}.Debug|Any CPU.ActiveCfg = Debug|Any CPU
		{61CD81C3-4AA3-4D6D-BF16-2107604BAC52}.Debug|Any CPU.Build.0 = Debug|Any CPU
		{61CD81C3-4AA3-4D6D-BF16-2107604BAC52}.Release|Any CPU.ActiveCfg = Release|Any CPU
		{61CD81C3-4AA3-4D6D-BF16-2107604BAC52}.Release|Any CPU.Build.0 = Release|Any CPU
		{35AE06CA-92E9-4E2C-AD03-FFCE534FDD3A}.Debug|Any CPU.ActiveCfg = Debug|Any CPU
		{35AE06CA-92E9-4E2C-AD03-FFCE534FDD3A}.Debug|Any CPU.Build.0 = Debug|Any CPU
		{35AE06CA-92E9-4E2C-AD03-FFCE534FDD3A}.Release|Any CPU.ActiveCfg = Release|Any CPU
		{35AE06CA-92E9-4E2C-AD03-FFCE534FDD3A}.Release|Any CPU.Build.0 = Release|Any CPU
		{078008EE-8386-4C53-8031-155A27F14848}.Debug|Any CPU.ActiveCfg = Debug|Any CPU
		{078008EE-8386-4C53-8031-155A27F14848}.Debug|Any CPU.Build.0 = Debug|Any CPU
		{078008EE-8386-4C53-8031-155A27F14848}.Release|Any CPU.ActiveCfg = Release|Any CPU
		{078008EE-8386-4C53-8031-155A27F14848}.Release|Any CPU.Build.0 = Release|Any CPU
		{AD322120-B018-4C07-A89D-958E9552C97C}.Debug|Any CPU.ActiveCfg = Debug|Any CPU
		{AD322120-B018-4C07-A89D-958E9552C97C}.Debug|Any CPU.Build.0 = Debug|Any CPU
		{AD322120-B018-4C07-A89D-958E9552C97C}.Release|Any CPU.ActiveCfg = Release|Any CPU
		{AD322120-B018-4C07-A89D-958E9552C97C}.Release|Any CPU.Build.0 = Release|Any CPU
		{77BA8062-9620-4216-8DA9-9FFB9FE183B3}.Debug|Any CPU.ActiveCfg = Debug|Any CPU
		{77BA8062-9620-4216-8DA9-9FFB9FE183B3}.Debug|Any CPU.Build.0 = Debug|Any CPU
		{77BA8062-9620-4216-8DA9-9FFB9FE183B3}.Release|Any CPU.ActiveCfg = Release|Any CPU
		{77BA8062-9620-4216-8DA9-9FFB9FE183B3}.Release|Any CPU.Build.0 = Release|Any CPU
		{F9BD3C6A-37BC-464B-8863-0D15ADA74DE8}.Debug|Any CPU.ActiveCfg = Debug|Any CPU
		{F9BD3C6A-37BC-464B-8863-0D15ADA74DE8}.Debug|Any CPU.Build.0 = Debug|Any CPU
		{F9BD3C6A-37BC-464B-8863-0D15ADA74DE8}.Release|Any CPU.ActiveCfg = Release|Any CPU
		{F9BD3C6A-37BC-464B-8863-0D15ADA74DE8}.Release|Any CPU.Build.0 = Release|Any CPU
		{98BF1718-AD7C-40DA-8B8A-5665080FB8CF}.Debug|Any CPU.ActiveCfg = Debug|Any CPU
		{98BF1718-AD7C-40DA-8B8A-5665080FB8CF}.Debug|Any CPU.Build.0 = Debug|Any CPU
		{98BF1718-AD7C-40DA-8B8A-5665080FB8CF}.Release|Any CPU.ActiveCfg = Release|Any CPU
		{98BF1718-AD7C-40DA-8B8A-5665080FB8CF}.Release|Any CPU.Build.0 = Release|Any CPU
		{EF48FA09-B5F6-478A-8040-F96485C51D84}.Debug|Any CPU.ActiveCfg = Debug|Any CPU
		{EF48FA09-B5F6-478A-8040-F96485C51D84}.Debug|Any CPU.Build.0 = Debug|Any CPU
		{EF48FA09-B5F6-478A-8040-F96485C51D84}.Release|Any CPU.ActiveCfg = Release|Any CPU
		{EF48FA09-B5F6-478A-8040-F96485C51D84}.Release|Any CPU.Build.0 = Release|Any CPU
		{4A84774D-60E3-476B-AF81-71D1D8B0ED34}.Debug|Any CPU.ActiveCfg = Debug|Any CPU
		{4A84774D-60E3-476B-AF81-71D1D8B0ED34}.Debug|Any CPU.Build.0 = Debug|Any CPU
		{4A84774D-60E3-476B-AF81-71D1D8B0ED34}.Release|Any CPU.ActiveCfg = Release|Any CPU
		{4A84774D-60E3-476B-AF81-71D1D8B0ED34}.Release|Any CPU.Build.0 = Release|Any CPU
		{AEC990D7-7EA7-49F7-BB72-445212BC96FD}.Debug|Any CPU.ActiveCfg = Debug|Any CPU
		{AEC990D7-7EA7-49F7-BB72-445212BC96FD}.Debug|Any CPU.Build.0 = Debug|Any CPU
		{AEC990D7-7EA7-49F7-BB72-445212BC96FD}.Release|Any CPU.ActiveCfg = Release|Any CPU
		{AEC990D7-7EA7-49F7-BB72-445212BC96FD}.Release|Any CPU.Build.0 = Release|Any CPU
		{A3DBF398-342C-419F-9634-8E4BC6855891}.Debug|Any CPU.ActiveCfg = Debug|Any CPU
		{A3DBF398-342C-419F-9634-8E4BC6855891}.Debug|Any CPU.Build.0 = Debug|Any CPU
		{A3DBF398-342C-419F-9634-8E4BC6855891}.Release|Any CPU.ActiveCfg = Release|Any CPU
		{A3DBF398-342C-419F-9634-8E4BC6855891}.Release|Any CPU.Build.0 = Release|Any CPU
		{7A503A35-983B-4D10-9384-AD59037BE548}.Debug|Any CPU.ActiveCfg = Debug|Any CPU
		{7A503A35-983B-4D10-9384-AD59037BE548}.Debug|Any CPU.Build.0 = Debug|Any CPU
		{7A503A35-983B-4D10-9384-AD59037BE548}.Release|Any CPU.ActiveCfg = Release|Any CPU
		{7A503A35-983B-4D10-9384-AD59037BE548}.Release|Any CPU.Build.0 = Release|Any CPU
		{6F64C37A-2AB9-47B0-989B-867646F08044}.Debug|Any CPU.ActiveCfg = Debug|Any CPU
		{6F64C37A-2AB9-47B0-989B-867646F08044}.Debug|Any CPU.Build.0 = Debug|Any CPU
		{6F64C37A-2AB9-47B0-989B-867646F08044}.Release|Any CPU.ActiveCfg = Release|Any CPU
		{6F64C37A-2AB9-47B0-989B-867646F08044}.Release|Any CPU.Build.0 = Release|Any CPU
		{1C194D19-50CB-481F-89EA-E9915ADACC47}.Debug|Any CPU.ActiveCfg = Debug|Any CPU
		{1C194D19-50CB-481F-89EA-E9915ADACC47}.Debug|Any CPU.Build.0 = Debug|Any CPU
		{1C194D19-50CB-481F-89EA-E9915ADACC47}.Release|Any CPU.ActiveCfg = Release|Any CPU
		{1C194D19-50CB-481F-89EA-E9915ADACC47}.Release|Any CPU.Build.0 = Release|Any CPU
		{B5FD52B9-3032-4D2A-B7E4-99AC1C7E812D}.Debug|Any CPU.ActiveCfg = Debug|Any CPU
		{B5FD52B9-3032-4D2A-B7E4-99AC1C7E812D}.Debug|Any CPU.Build.0 = Debug|Any CPU
		{B5FD52B9-3032-4D2A-B7E4-99AC1C7E812D}.Release|Any CPU.ActiveCfg = Release|Any CPU
		{B5FD52B9-3032-4D2A-B7E4-99AC1C7E812D}.Release|Any CPU.Build.0 = Release|Any CPU
		{B1F7E2DA-9CDF-4AE9-B9F9-8160312EE392}.Debug|Any CPU.ActiveCfg = Debug|Any CPU
		{B1F7E2DA-9CDF-4AE9-B9F9-8160312EE392}.Debug|Any CPU.Build.0 = Debug|Any CPU
		{B1F7E2DA-9CDF-4AE9-B9F9-8160312EE392}.Release|Any CPU.ActiveCfg = Release|Any CPU
		{B1F7E2DA-9CDF-4AE9-B9F9-8160312EE392}.Release|Any CPU.Build.0 = Release|Any CPU
		{5F0C8193-C721-415B-B1A8-C7DA930C46A4}.Debug|Any CPU.ActiveCfg = Debug|Any CPU
		{5F0C8193-C721-415B-B1A8-C7DA930C46A4}.Debug|Any CPU.Build.0 = Debug|Any CPU
		{5F0C8193-C721-415B-B1A8-C7DA930C46A4}.Release|Any CPU.ActiveCfg = Release|Any CPU
		{5F0C8193-C721-415B-B1A8-C7DA930C46A4}.Release|Any CPU.Build.0 = Release|Any CPU
		{244D7BF7-E69C-461F-B764-3BE985FCF006}.Debug|Any CPU.ActiveCfg = Debug|Any CPU
		{244D7BF7-E69C-461F-B764-3BE985FCF006}.Debug|Any CPU.Build.0 = Debug|Any CPU
		{244D7BF7-E69C-461F-B764-3BE985FCF006}.Release|Any CPU.ActiveCfg = Release|Any CPU
		{244D7BF7-E69C-461F-B764-3BE985FCF006}.Release|Any CPU.Build.0 = Release|Any CPU
		{E2B7A01F-AF37-4FB8-8C7C-861C280D5902}.Debug|Any CPU.ActiveCfg = Debug|Any CPU
		{E2B7A01F-AF37-4FB8-8C7C-861C280D5902}.Debug|Any CPU.Build.0 = Debug|Any CPU
		{E2B7A01F-AF37-4FB8-8C7C-861C280D5902}.Release|Any CPU.ActiveCfg = Release|Any CPU
		{E2B7A01F-AF37-4FB8-8C7C-861C280D5902}.Release|Any CPU.Build.0 = Release|Any CPU
		{99BFDE7C-EECA-4BFE-BB77-E0947709C0D3}.Debug|Any CPU.ActiveCfg = Debug|Any CPU
		{99BFDE7C-EECA-4BFE-BB77-E0947709C0D3}.Debug|Any CPU.Build.0 = Debug|Any CPU
		{99BFDE7C-EECA-4BFE-BB77-E0947709C0D3}.Release|Any CPU.ActiveCfg = Release|Any CPU
		{99BFDE7C-EECA-4BFE-BB77-E0947709C0D3}.Release|Any CPU.Build.0 = Release|Any CPU
		{47CFEBA9-2A80-4CBB-952D-462BC8714B75}.Debug|Any CPU.ActiveCfg = Debug|Any CPU
		{47CFEBA9-2A80-4CBB-952D-462BC8714B75}.Debug|Any CPU.Build.0 = Debug|Any CPU
		{47CFEBA9-2A80-4CBB-952D-462BC8714B75}.Release|Any CPU.ActiveCfg = Release|Any CPU
		{47CFEBA9-2A80-4CBB-952D-462BC8714B75}.Release|Any CPU.Build.0 = Release|Any CPU
		{1F463EFB-C1F2-40D3-90B7-8B41E8CE3105}.Debug|Any CPU.ActiveCfg = Debug|Any CPU
		{1F463EFB-C1F2-40D3-90B7-8B41E8CE3105}.Debug|Any CPU.Build.0 = Debug|Any CPU
		{1F463EFB-C1F2-40D3-90B7-8B41E8CE3105}.Release|Any CPU.ActiveCfg = Release|Any CPU
		{1F463EFB-C1F2-40D3-90B7-8B41E8CE3105}.Release|Any CPU.Build.0 = Release|Any CPU
		{AFE14721-C73A-424F-A1EA-78994F28E4B5}.Debug|Any CPU.ActiveCfg = Debug|Any CPU
		{AFE14721-C73A-424F-A1EA-78994F28E4B5}.Debug|Any CPU.Build.0 = Debug|Any CPU
		{AFE14721-C73A-424F-A1EA-78994F28E4B5}.Release|Any CPU.ActiveCfg = Release|Any CPU
		{AFE14721-C73A-424F-A1EA-78994F28E4B5}.Release|Any CPU.Build.0 = Release|Any CPU
		{E4D54E89-3332-407B-85B4-D4D472E6932B}.Debug|Any CPU.ActiveCfg = Debug|Any CPU
		{E4D54E89-3332-407B-85B4-D4D472E6932B}.Debug|Any CPU.Build.0 = Debug|Any CPU
		{E4D54E89-3332-407B-85B4-D4D472E6932B}.Release|Any CPU.ActiveCfg = Release|Any CPU
		{E4D54E89-3332-407B-85B4-D4D472E6932B}.Release|Any CPU.Build.0 = Release|Any CPU
		{907B4B29-BCC5-4608-B49F-74B8926D6D9A}.Debug|Any CPU.ActiveCfg = Debug|Any CPU
		{907B4B29-BCC5-4608-B49F-74B8926D6D9A}.Debug|Any CPU.Build.0 = Debug|Any CPU
		{907B4B29-BCC5-4608-B49F-74B8926D6D9A}.Release|Any CPU.ActiveCfg = Release|Any CPU
		{907B4B29-BCC5-4608-B49F-74B8926D6D9A}.Release|Any CPU.Build.0 = Release|Any CPU
		{720A122D-796B-4144-ABF3-C389A12C0EA5}.Debug|Any CPU.ActiveCfg = Debug|Any CPU
		{720A122D-796B-4144-ABF3-C389A12C0EA5}.Debug|Any CPU.Build.0 = Debug|Any CPU
		{720A122D-796B-4144-ABF3-C389A12C0EA5}.Release|Any CPU.ActiveCfg = Release|Any CPU
		{720A122D-796B-4144-ABF3-C389A12C0EA5}.Release|Any CPU.Build.0 = Release|Any CPU
		{9455FE56-2904-4830-B122-9F2F3BC96417}.Debug|Any CPU.ActiveCfg = Debug|Any CPU
		{9455FE56-2904-4830-B122-9F2F3BC96417}.Debug|Any CPU.Build.0 = Debug|Any CPU
		{9455FE56-2904-4830-B122-9F2F3BC96417}.Release|Any CPU.ActiveCfg = Release|Any CPU
		{9455FE56-2904-4830-B122-9F2F3BC96417}.Release|Any CPU.Build.0 = Release|Any CPU
		{EB571991-F266-4AFC-ADF9-C3ED81EE491D}.Debug|Any CPU.ActiveCfg = Debug|Any CPU
		{EB571991-F266-4AFC-ADF9-C3ED81EE491D}.Debug|Any CPU.Build.0 = Debug|Any CPU
		{EB571991-F266-4AFC-ADF9-C3ED81EE491D}.Release|Any CPU.ActiveCfg = Release|Any CPU
		{EB571991-F266-4AFC-ADF9-C3ED81EE491D}.Release|Any CPU.Build.0 = Release|Any CPU
		{F5C8551E-F377-45E1-AAFD-91527D035CAD}.Debug|Any CPU.ActiveCfg = Debug|Any CPU
		{F5C8551E-F377-45E1-AAFD-91527D035CAD}.Debug|Any CPU.Build.0 = Debug|Any CPU
		{F5C8551E-F377-45E1-AAFD-91527D035CAD}.Release|Any CPU.ActiveCfg = Release|Any CPU
		{F5C8551E-F377-45E1-AAFD-91527D035CAD}.Release|Any CPU.Build.0 = Release|Any CPU
		{FC37682A-B80D-4135-893C-3CB0049E844E}.Debug|Any CPU.ActiveCfg = Debug|Any CPU
		{FC37682A-B80D-4135-893C-3CB0049E844E}.Debug|Any CPU.Build.0 = Debug|Any CPU
		{FC37682A-B80D-4135-893C-3CB0049E844E}.Release|Any CPU.ActiveCfg = Release|Any CPU
		{FC37682A-B80D-4135-893C-3CB0049E844E}.Release|Any CPU.Build.0 = Release|Any CPU
		{2F01788A-7FE9-4A29-84B4-3A61AD987A57}.Debug|Any CPU.ActiveCfg = Debug|Any CPU
		{2F01788A-7FE9-4A29-84B4-3A61AD987A57}.Debug|Any CPU.Build.0 = Debug|Any CPU
		{2F01788A-7FE9-4A29-84B4-3A61AD987A57}.Release|Any CPU.ActiveCfg = Release|Any CPU
		{2F01788A-7FE9-4A29-84B4-3A61AD987A57}.Release|Any CPU.Build.0 = Release|Any CPU
		{184FCE4E-46D8-4CAF-A8E3-6E62174C1CFF}.Debug|Any CPU.ActiveCfg = Debug|Any CPU
		{184FCE4E-46D8-4CAF-A8E3-6E62174C1CFF}.Debug|Any CPU.Build.0 = Debug|Any CPU
		{184FCE4E-46D8-4CAF-A8E3-6E62174C1CFF}.Release|Any CPU.ActiveCfg = Release|Any CPU
		{184FCE4E-46D8-4CAF-A8E3-6E62174C1CFF}.Release|Any CPU.Build.0 = Release|Any CPU
		{EF367516-B5A2-403C-ABC6-57D980A84A86}.Debug|Any CPU.ActiveCfg = Debug|Any CPU
		{EF367516-B5A2-403C-ABC6-57D980A84A86}.Debug|Any CPU.Build.0 = Debug|Any CPU
		{EF367516-B5A2-403C-ABC6-57D980A84A86}.Release|Any CPU.ActiveCfg = Release|Any CPU
		{EF367516-B5A2-403C-ABC6-57D980A84A86}.Release|Any CPU.Build.0 = Release|Any CPU
		{45F1EF82-07C7-4536-A313-B82D523114A7}.Debug|Any CPU.ActiveCfg = Debug|Any CPU
		{45F1EF82-07C7-4536-A313-B82D523114A7}.Debug|Any CPU.Build.0 = Debug|Any CPU
		{45F1EF82-07C7-4536-A313-B82D523114A7}.Release|Any CPU.ActiveCfg = Release|Any CPU
		{45F1EF82-07C7-4536-A313-B82D523114A7}.Release|Any CPU.Build.0 = Release|Any CPU
		{162013FF-DC38-4CAC-95BA-7CA76704FAFC}.Debug|Any CPU.ActiveCfg = Debug|Any CPU
		{162013FF-DC38-4CAC-95BA-7CA76704FAFC}.Debug|Any CPU.Build.0 = Debug|Any CPU
		{162013FF-DC38-4CAC-95BA-7CA76704FAFC}.Release|Any CPU.ActiveCfg = Release|Any CPU
		{162013FF-DC38-4CAC-95BA-7CA76704FAFC}.Release|Any CPU.Build.0 = Release|Any CPU
	EndGlobalSection
	GlobalSection(SolutionProperties) = preSolution
		HideSolutionNode = FALSE
	EndGlobalSection
	GlobalSection(NestedProjects) = preSolution
		{2944DB7E-80D6-49D1-B715-86893CCEE299} = {42A8DC95-1F9C-47B3-BEB7-3B3668B9F10A}
		{97E3EF68-E4F9-4782-B1A6-187F49EFB4EE} = {42A8DC95-1F9C-47B3-BEB7-3B3668B9F10A}
		{7AC99A5B-0DD2-44AC-ABDE-548D80FFAFBA} = {42A8DC95-1F9C-47B3-BEB7-3B3668B9F10A}
		{9AF964C4-A769-4DEC-9A06-3324E01463FA} = {42A8DC95-1F9C-47B3-BEB7-3B3668B9F10A}
		{D7BBCF0D-BE21-4934-AC7F-1BD8889E8706} = {42A8DC95-1F9C-47B3-BEB7-3B3668B9F10A}
		{F0F2963E-5832-41B3-9368-BBAB70734FAD} = {42A8DC95-1F9C-47B3-BEB7-3B3668B9F10A}
		{FFC5D18E-6EC5-4A83-A5FD-A7310DD258FA} = {E0291246-719F-4258-9E4F-CA69098E95A5}
		{FD05EBA1-108D-4526-B5E2-D88F9256F339} = {E0291246-719F-4258-9E4F-CA69098E95A5}
		{D5153EC9-6D63-4BB4-AD35-AB819A9E5213} = {E0291246-719F-4258-9E4F-CA69098E95A5}
		{10456013-7D8B-4032-96BC-AF0FB6D06226} = {E0291246-719F-4258-9E4F-CA69098E95A5}
		{D5C852F1-0120-43CB-8885-786B6E6F8F9C} = {E0291246-719F-4258-9E4F-CA69098E95A5}
		{BD81EF84-9965-4971-9A4E-82929077B47A} = {1228412C-AF0E-4B95-B1E0-FB782649AF4E}
		{A5D215C5-4B70-4C1F-8AC6-76B2A3CE350B} = {1228412C-AF0E-4B95-B1E0-FB782649AF4E}
		{54E3A6BD-6778-469C-8EDC-BEBFC5BE58BA} = {1228412C-AF0E-4B95-B1E0-FB782649AF4E}
		{3AE9ED82-69F0-42E7-BA8C-488D2FE8D068} = {1228412C-AF0E-4B95-B1E0-FB782649AF4E}
		{8632C119-199C-4279-8D2D-A102AF274D2D} = {0544F13F-67CB-4760-B000-DF39839BCDB7}
		{7D5D24FB-F94C-419F-8538-0D73130DE446} = {0544F13F-67CB-4760-B000-DF39839BCDB7}
		{CBF33B57-2B82-463D-9F4C-C62000A7373B} = {0544F13F-67CB-4760-B000-DF39839BCDB7}
		{A1395AB4-78FD-4064-80C2-C7D57327CB94} = {0544F13F-67CB-4760-B000-DF39839BCDB7}
		{F2C100B9-1CEF-4EEF-8D5C-6353BDDD4E1E} = {42A8DC95-1F9C-47B3-BEB7-3B3668B9F10A}
		{61CD81C3-4AA3-4D6D-BF16-2107604BAC52} = {42A8DC95-1F9C-47B3-BEB7-3B3668B9F10A}
		{35AE06CA-92E9-4E2C-AD03-FFCE534FDD3A} = {42A8DC95-1F9C-47B3-BEB7-3B3668B9F10A}
		{078008EE-8386-4C53-8031-155A27F14848} = {42A8DC95-1F9C-47B3-BEB7-3B3668B9F10A}
		{AD322120-B018-4C07-A89D-958E9552C97C} = {42A8DC95-1F9C-47B3-BEB7-3B3668B9F10A}
		{77BA8062-9620-4216-8DA9-9FFB9FE183B3} = {42A8DC95-1F9C-47B3-BEB7-3B3668B9F10A}
		{F9BD3C6A-37BC-464B-8863-0D15ADA74DE8} = {42A8DC95-1F9C-47B3-BEB7-3B3668B9F10A}
		{98BF1718-AD7C-40DA-8B8A-5665080FB8CF} = {42A8DC95-1F9C-47B3-BEB7-3B3668B9F10A}
		{EF48FA09-B5F6-478A-8040-F96485C51D84} = {42A8DC95-1F9C-47B3-BEB7-3B3668B9F10A}
		{4A84774D-60E3-476B-AF81-71D1D8B0ED34} = {42A8DC95-1F9C-47B3-BEB7-3B3668B9F10A}
		{AEC990D7-7EA7-49F7-BB72-445212BC96FD} = {E0291246-719F-4258-9E4F-CA69098E95A5}
		{A3DBF398-342C-419F-9634-8E4BC6855891} = {E0291246-719F-4258-9E4F-CA69098E95A5}
		{7A503A35-983B-4D10-9384-AD59037BE548} = {E0291246-719F-4258-9E4F-CA69098E95A5}
		{6F64C37A-2AB9-47B0-989B-867646F08044} = {E0291246-719F-4258-9E4F-CA69098E95A5}
		{1C194D19-50CB-481F-89EA-E9915ADACC47} = {9FE9955D-8A10-4BFB-B9D3-425A806E2F93}
		{B5FD52B9-3032-4D2A-B7E4-99AC1C7E812D} = {9FE9955D-8A10-4BFB-B9D3-425A806E2F93}
		{B1F7E2DA-9CDF-4AE9-B9F9-8160312EE392} = {9FE9955D-8A10-4BFB-B9D3-425A806E2F93}
		{5F0C8193-C721-415B-B1A8-C7DA930C46A4} = {9FE9955D-8A10-4BFB-B9D3-425A806E2F93}
		{244D7BF7-E69C-461F-B764-3BE985FCF006} = {9FE9955D-8A10-4BFB-B9D3-425A806E2F93}
		{E2B7A01F-AF37-4FB8-8C7C-861C280D5902} = {9FE9955D-8A10-4BFB-B9D3-425A806E2F93}
		{99BFDE7C-EECA-4BFE-BB77-E0947709C0D3} = {9FE9955D-8A10-4BFB-B9D3-425A806E2F93}
		{47CFEBA9-2A80-4CBB-952D-462BC8714B75} = {9FE9955D-8A10-4BFB-B9D3-425A806E2F93}
		{1F463EFB-C1F2-40D3-90B7-8B41E8CE3105} = {E0291246-719F-4258-9E4F-CA69098E95A5}
		{AFE14721-C73A-424F-A1EA-78994F28E4B5} = {E0291246-719F-4258-9E4F-CA69098E95A5}
		{E4D54E89-3332-407B-85B4-D4D472E6932B} = {E0291246-719F-4258-9E4F-CA69098E95A5}
		{907B4B29-BCC5-4608-B49F-74B8926D6D9A} = {E0291246-719F-4258-9E4F-CA69098E95A5}
		{720A122D-796B-4144-ABF3-C389A12C0EA5} = {1228412C-AF0E-4B95-B1E0-FB782649AF4E}
		{9455FE56-2904-4830-B122-9F2F3BC96417} = {1228412C-AF0E-4B95-B1E0-FB782649AF4E}
		{EB571991-F266-4AFC-ADF9-C3ED81EE491D} = {1228412C-AF0E-4B95-B1E0-FB782649AF4E}
		{F5C8551E-F377-45E1-AAFD-91527D035CAD} = {1228412C-AF0E-4B95-B1E0-FB782649AF4E}
		{FC37682A-B80D-4135-893C-3CB0049E844E} = {1228412C-AF0E-4B95-B1E0-FB782649AF4E}
		{2F01788A-7FE9-4A29-84B4-3A61AD987A57} = {1228412C-AF0E-4B95-B1E0-FB782649AF4E}
		{184FCE4E-46D8-4CAF-A8E3-6E62174C1CFF} = {1228412C-AF0E-4B95-B1E0-FB782649AF4E}
		{EF367516-B5A2-403C-ABC6-57D980A84A86} = {1228412C-AF0E-4B95-B1E0-FB782649AF4E}
		{45F1EF82-07C7-4536-A313-B82D523114A7} = {42A8DC95-1F9C-47B3-BEB7-3B3668B9F10A}
		{162013FF-DC38-4CAC-95BA-7CA76704FAFC} = {42A8DC95-1F9C-47B3-BEB7-3B3668B9F10A}
	EndGlobalSection
	GlobalSection(ExtensibilityGlobals) = postSolution
		SolutionGuid = {A1F3F4B6-A57C-4615-A1A2-916E35880697}
	EndGlobalSection
EndGlobal
