
Microsoft Visual Studio Solution File, Format Version 12.00
# Visual Studio Version 17
VisualStudioVersion = 17.8.34212.112
MinimumVisualStudioVersion = 10.0.40219.1
Project("{2150E333-8FDC-42A3-9474-1A3956D46DE8}") = "01. Contenido de Conceptos Basicos", "01. Contenido de Conceptos Basicos", "{0544F13F-67CB-4760-B000-DF39839BCDB7}"
EndProject
Project("{2150E333-8FDC-42A3-9474-1A3956D46DE8}") = "03. Contenido de Objetos", "03. Contenido de Objetos", "{E0291246-719F-4258-9E4F-CA69098E95A5}"
EndProject
Project("{2150E333-8FDC-42A3-9474-1A3956D46DE8}") = "02. Contenido de Metodos Estaticos", "02. Contenido de Metodos Estaticos", "{42A8DC95-1F9C-47B3-BEB7-3B3668B9F10A}"
EndProject
Project("{9A19103F-16F7-4668-BE54-9A1E7A4F7556}") = "View for Basic Concepts", "01. Contenido de Conceptos Basicos\View for Basic Concepts\View for Basic Concepts.csproj", "{91D9CC05-D1C7-4E4A-B292-DD0927248D75}"
EndProject
Project("{9A19103F-16F7-4668-BE54-9A1E7A4F7556}") = "Library Exercise 01.1.01", "01. Contenido de Conceptos Basicos\Library Exercise 01.1.01\Library Exercise 01.1.01.csproj", "{5F5CC46C-A865-4F99-AF92-5B152D6ABD4F}"
EndProject
Project("{9A19103F-16F7-4668-BE54-9A1E7A4F7556}") = "Library Exercise 01.1.02", "01. Contenido de Conceptos Basicos\Library Exercise 01.1.02\Library Exercise 01.1.02.csproj", "{6DAAB085-0BAC-4CF0-A8C1-080C8C619C59}"
EndProject
Project("{9A19103F-16F7-4668-BE54-9A1E7A4F7556}") = "Library Exercise 01.1.03", "01. Contenido de Conceptos Basicos\Library Exercise 01.1.03\Library Exercise 01.1.03.csproj", "{197C01DA-9167-43B6-A0A9-D0054BD3153E}"
EndProject
Project("{9A19103F-16F7-4668-BE54-9A1E7A4F7556}") = "Library Example 02.0.01", "02. Contenido de Metodos Estaticos\Library Example 02.0.01\Library Example 02.0.01.csproj", "{2944DB7E-80D6-49D1-B715-86893CCEE299}"
EndProject
Project("{9A19103F-16F7-4668-BE54-9A1E7A4F7556}") = "Library Example 02.0.02", "02. Contenido de Metodos Estaticos\Library Example 02.0.02\Library Example 02.0.02.csproj", "{97E3EF68-E4F9-4782-B1A6-187F49EFB4EE}"
EndProject
Project("{9A19103F-16F7-4668-BE54-9A1E7A4F7556}") = "View for Objects", "03. Contenido de Objetos\View for Objects\View for Objects.csproj", "{BFE0A74B-3757-41E2-AD67-8C0A77F22E6A}"
EndProject
Project("{2150E333-8FDC-42A3-9474-1A3956D46DE8}") = "04. Contenido de Sobrecarga", "04. Contenido de Sobrecarga", "{1228412C-AF0E-4B95-B1E0-FB782649AF4E}"
EndProject
Project("{9A19103F-16F7-4668-BE54-9A1E7A4F7556}") = "View for Overloads", "04. Contenido de Sobrecarga\View for Overloads\View for Overloads.csproj", "{17F52DDC-700D-418E-BEFC-384E58764A7C}"
EndProject
Project("{2150E333-8FDC-42A3-9474-1A3956D46DE8}") = "00 Trabajando con Clases", "00 Trabajando con Clases", "{9FE9955D-8A10-4BFB-B9D3-425A806E2F93}"
EndProject
Project("{9A19103F-16F7-4668-BE54-9A1E7A4F7556}") = "Console to work with StringBuilder", "00. Trabajando con Clases\Console to work with StringBuilder\Console to work with StringBuilder.csproj", "{1E83E257-0174-4479-A695-E7A7C486EC7D}"
EndProject
Project("{9A19103F-16F7-4668-BE54-9A1E7A4F7556}") = "Console to work with Strings", "00. Trabajando con Clases\Console to work with Strings\Console to work with Strings.csproj", "{B661F9BD-B8D6-414E-BDCD-C1518E87CA5C}"
EndProject
Project("{9A19103F-16F7-4668-BE54-9A1E7A4F7556}") = "Library Example 02.0.03", "02. Contenido de Metodos Estaticos\Library Example 02.0.03\Library Example 02.0.03.csproj", "{7AC99A5B-0DD2-44AC-ABDE-548D80FFAFBA}"
EndProject
Project("{9A19103F-16F7-4668-BE54-9A1E7A4F7556}") = "Library Example 02.0.04", "02. Contenido de Metodos Estaticos\Library Example 02.0.04\Library Example 02.0.04.csproj", "{9AF964C4-A769-4DEC-9A06-3324E01463FA}"
EndProject
Project("{9A19103F-16F7-4668-BE54-9A1E7A4F7556}") = "Library Example 02.0.05", "02. Contenido de Metodos Estaticos\Library Example 02.0.05\Library Example 02.0.05.csproj", "{D7BBCF0D-BE21-4934-AC7F-1BD8889E8706}"
EndProject
Project("{9A19103F-16F7-4668-BE54-9A1E7A4F7556}") = "View for Static Methods Examples", "02. Contenido de Metodos Estaticos\View for Static Methods Examples\View for Static Methods Examples.csproj", "{F0F2963E-5832-41B3-9368-BBAB70734FAD}"
EndProject
Project("{9A19103F-16F7-4668-BE54-9A1E7A4F7556}") = "Console to work with DateTime", "00. Trabajando con Clases\Console to work with DateTime\Console to work with DateTime.csproj", "{C68D325F-180A-4633-A53B-2F860E73984F}"
EndProject
Project("{9A19103F-16F7-4668-BE54-9A1E7A4F7556}") = "Console to work with object", "00. Trabajando con Clases\Console to work with object\Console to work with object.csproj", "{66EEC084-37F0-4ED1-AA51-263DB756A0B3}"
EndProject
Project("{9A19103F-16F7-4668-BE54-9A1E7A4F7556}") = "Console to work with dynamic", "00. Trabajando con Clases\Console to work with dynamic\Console to work with dynamic.csproj", "{DB8B18FD-6A6F-4E14-9B54-E412A1BDAFA7}"
EndProject
Project("{9A19103F-16F7-4668-BE54-9A1E7A4F7556}") = "Console Example 03.0.01", "03. Contenido de Objetos\Console Example 03.0.01\Console Example 03.0.01.csproj", "{FFC5D18E-6EC5-4A83-A5FD-A7310DD258FA}"
EndProject
Project("{9A19103F-16F7-4668-BE54-9A1E7A4F7556}") = "Console Example 03.0.02", "03. Contenido de Objetos\Console Example 03.0.02\Console Example 03.0.02.csproj", "{FD05EBA1-108D-4526-B5E2-D88F9256F339}"
EndProject
Project("{9A19103F-16F7-4668-BE54-9A1E7A4F7556}") = "Console Example 03.0.03", "03. Contenido de Objetos\Console Example 03.0.03\Console Example 03.0.03.csproj", "{D5153EC9-6D63-4BB4-AD35-AB819A9E5213}"
EndProject
Project("{9A19103F-16F7-4668-BE54-9A1E7A4F7556}") = "Console to work with TimeSpan", "00. Trabajando con Clases\Console to work with TimeSpan\Console to work with TimeSpan.csproj", "{00F73FE0-4979-4D27-97FE-4CE23D50D71C}"
EndProject
Project("{9A19103F-16F7-4668-BE54-9A1E7A4F7556}") = "Console Example 03.0.04", "03. Contenido de Objetos\Console Example 03.0.04\Console Example 03.0.04.csproj", "{10456013-7D8B-4032-96BC-AF0FB6D06226}"
EndProject
Project("{9A19103F-16F7-4668-BE54-9A1E7A4F7556}") = "Console Example 03.0.05", "03. Contenido de Objetos\Console Example 03.0.05\Console Example 03.0.05.csproj", "{D5C852F1-0120-43CB-8885-786B6E6F8F9C}"
EndProject
Project("{FAE04EC0-301F-11D3-BF4B-00C04F79EFBC}") = "Method Overloading Examples", "04. Contenido de Sobrecarga\Method Overloading Examples\Method Overloading Examples.csproj", "{BD81EF84-9965-4971-9A4E-82929077B47A}"
EndProject
Project("{FAE04EC0-301F-11D3-BF4B-00C04F79EFBC}") = "Constructor Overloading Examples", "04. Contenido de Sobrecarga\Constructor Overloading Examples\Constructor Overloading Examples.csproj", "{A5D215C5-4B70-4C1F-8AC6-76B2A3CE350B}"
EndProject
Project("{FAE04EC0-301F-11D3-BF4B-00C04F79EFBC}") = "Operator Overloading Examples", "04. Contenido de Sobrecarga\Operator Overloading Examples\Operator Overloading Examples.csproj", "{54E3A6BD-6778-469C-8EDC-BEBFC5BE58BA}"
EndProject
Global
	GlobalSection(SolutionConfigurationPlatforms) = preSolution
		Debug|Any CPU = Debug|Any CPU
		Release|Any CPU = Release|Any CPU
	EndGlobalSection
	GlobalSection(ProjectConfigurationPlatforms) = postSolution
		{91D9CC05-D1C7-4E4A-B292-DD0927248D75}.Debug|Any CPU.ActiveCfg = Debug|Any CPU
		{91D9CC05-D1C7-4E4A-B292-DD0927248D75}.Debug|Any CPU.Build.0 = Debug|Any CPU
		{91D9CC05-D1C7-4E4A-B292-DD0927248D75}.Release|Any CPU.ActiveCfg = Release|Any CPU
		{91D9CC05-D1C7-4E4A-B292-DD0927248D75}.Release|Any CPU.Build.0 = Release|Any CPU
		{5F5CC46C-A865-4F99-AF92-5B152D6ABD4F}.Debug|Any CPU.ActiveCfg = Debug|Any CPU
		{5F5CC46C-A865-4F99-AF92-5B152D6ABD4F}.Debug|Any CPU.Build.0 = Debug|Any CPU
		{5F5CC46C-A865-4F99-AF92-5B152D6ABD4F}.Release|Any CPU.ActiveCfg = Release|Any CPU
		{5F5CC46C-A865-4F99-AF92-5B152D6ABD4F}.Release|Any CPU.Build.0 = Release|Any CPU
		{6DAAB085-0BAC-4CF0-A8C1-080C8C619C59}.Debug|Any CPU.ActiveCfg = Debug|Any CPU
		{6DAAB085-0BAC-4CF0-A8C1-080C8C619C59}.Debug|Any CPU.Build.0 = Debug|Any CPU
		{6DAAB085-0BAC-4CF0-A8C1-080C8C619C59}.Release|Any CPU.ActiveCfg = Release|Any CPU
		{6DAAB085-0BAC-4CF0-A8C1-080C8C619C59}.Release|Any CPU.Build.0 = Release|Any CPU
		{197C01DA-9167-43B6-A0A9-D0054BD3153E}.Debug|Any CPU.ActiveCfg = Debug|Any CPU
		{197C01DA-9167-43B6-A0A9-D0054BD3153E}.Debug|Any CPU.Build.0 = Debug|Any CPU
		{197C01DA-9167-43B6-A0A9-D0054BD3153E}.Release|Any CPU.ActiveCfg = Release|Any CPU
		{197C01DA-9167-43B6-A0A9-D0054BD3153E}.Release|Any CPU.Build.0 = Release|Any CPU
		{2944DB7E-80D6-49D1-B715-86893CCEE299}.Debug|Any CPU.ActiveCfg = Debug|Any CPU
		{2944DB7E-80D6-49D1-B715-86893CCEE299}.Debug|Any CPU.Build.0 = Debug|Any CPU
		{2944DB7E-80D6-49D1-B715-86893CCEE299}.Release|Any CPU.ActiveCfg = Release|Any CPU
		{2944DB7E-80D6-49D1-B715-86893CCEE299}.Release|Any CPU.Build.0 = Release|Any CPU
		{97E3EF68-E4F9-4782-B1A6-187F49EFB4EE}.Debug|Any CPU.ActiveCfg = Debug|Any CPU
		{97E3EF68-E4F9-4782-B1A6-187F49EFB4EE}.Debug|Any CPU.Build.0 = Debug|Any CPU
		{97E3EF68-E4F9-4782-B1A6-187F49EFB4EE}.Release|Any CPU.ActiveCfg = Release|Any CPU
		{97E3EF68-E4F9-4782-B1A6-187F49EFB4EE}.Release|Any CPU.Build.0 = Release|Any CPU
		{BFE0A74B-3757-41E2-AD67-8C0A77F22E6A}.Debug|Any CPU.ActiveCfg = Debug|Any CPU
		{BFE0A74B-3757-41E2-AD67-8C0A77F22E6A}.Debug|Any CPU.Build.0 = Debug|Any CPU
		{BFE0A74B-3757-41E2-AD67-8C0A77F22E6A}.Release|Any CPU.ActiveCfg = Release|Any CPU
		{BFE0A74B-3757-41E2-AD67-8C0A77F22E6A}.Release|Any CPU.Build.0 = Release|Any CPU
		{17F52DDC-700D-418E-BEFC-384E58764A7C}.Debug|Any CPU.ActiveCfg = Debug|Any CPU
		{17F52DDC-700D-418E-BEFC-384E58764A7C}.Debug|Any CPU.Build.0 = Debug|Any CPU
		{17F52DDC-700D-418E-BEFC-384E58764A7C}.Release|Any CPU.ActiveCfg = Release|Any CPU
		{17F52DDC-700D-418E-BEFC-384E58764A7C}.Release|Any CPU.Build.0 = Release|Any CPU
		{1E83E257-0174-4479-A695-E7A7C486EC7D}.Debug|Any CPU.ActiveCfg = Debug|Any CPU
		{1E83E257-0174-4479-A695-E7A7C486EC7D}.Debug|Any CPU.Build.0 = Debug|Any CPU
		{1E83E257-0174-4479-A695-E7A7C486EC7D}.Release|Any CPU.ActiveCfg = Release|Any CPU
		{1E83E257-0174-4479-A695-E7A7C486EC7D}.Release|Any CPU.Build.0 = Release|Any CPU
		{B661F9BD-B8D6-414E-BDCD-C1518E87CA5C}.Debug|Any CPU.ActiveCfg = Debug|Any CPU
		{B661F9BD-B8D6-414E-BDCD-C1518E87CA5C}.Debug|Any CPU.Build.0 = Debug|Any CPU
		{B661F9BD-B8D6-414E-BDCD-C1518E87CA5C}.Release|Any CPU.ActiveCfg = Release|Any CPU
		{B661F9BD-B8D6-414E-BDCD-C1518E87CA5C}.Release|Any CPU.Build.0 = Release|Any CPU
		{7AC99A5B-0DD2-44AC-ABDE-548D80FFAFBA}.Debug|Any CPU.ActiveCfg = Debug|Any CPU
		{7AC99A5B-0DD2-44AC-ABDE-548D80FFAFBA}.Debug|Any CPU.Build.0 = Debug|Any CPU
		{7AC99A5B-0DD2-44AC-ABDE-548D80FFAFBA}.Release|Any CPU.ActiveCfg = Release|Any CPU
		{7AC99A5B-0DD2-44AC-ABDE-548D80FFAFBA}.Release|Any CPU.Build.0 = Release|Any CPU
		{9AF964C4-A769-4DEC-9A06-3324E01463FA}.Debug|Any CPU.ActiveCfg = Debug|Any CPU
		{9AF964C4-A769-4DEC-9A06-3324E01463FA}.Debug|Any CPU.Build.0 = Debug|Any CPU
		{9AF964C4-A769-4DEC-9A06-3324E01463FA}.Release|Any CPU.ActiveCfg = Release|Any CPU
		{9AF964C4-A769-4DEC-9A06-3324E01463FA}.Release|Any CPU.Build.0 = Release|Any CPU
		{D7BBCF0D-BE21-4934-AC7F-1BD8889E8706}.Debug|Any CPU.ActiveCfg = Debug|Any CPU
		{D7BBCF0D-BE21-4934-AC7F-1BD8889E8706}.Debug|Any CPU.Build.0 = Debug|Any CPU
		{D7BBCF0D-BE21-4934-AC7F-1BD8889E8706}.Release|Any CPU.ActiveCfg = Release|Any CPU
		{D7BBCF0D-BE21-4934-AC7F-1BD8889E8706}.Release|Any CPU.Build.0 = Release|Any CPU
		{F0F2963E-5832-41B3-9368-BBAB70734FAD}.Debug|Any CPU.ActiveCfg = Debug|Any CPU
		{F0F2963E-5832-41B3-9368-BBAB70734FAD}.Debug|Any CPU.Build.0 = Debug|Any CPU
		{F0F2963E-5832-41B3-9368-BBAB70734FAD}.Release|Any CPU.ActiveCfg = Release|Any CPU
		{F0F2963E-5832-41B3-9368-BBAB70734FAD}.Release|Any CPU.Build.0 = Release|Any CPU
		{C68D325F-180A-4633-A53B-2F860E73984F}.Debug|Any CPU.ActiveCfg = Debug|Any CPU
		{C68D325F-180A-4633-A53B-2F860E73984F}.Debug|Any CPU.Build.0 = Debug|Any CPU
		{C68D325F-180A-4633-A53B-2F860E73984F}.Release|Any CPU.ActiveCfg = Release|Any CPU
		{C68D325F-180A-4633-A53B-2F860E73984F}.Release|Any CPU.Build.0 = Release|Any CPU
		{66EEC084-37F0-4ED1-AA51-263DB756A0B3}.Debug|Any CPU.ActiveCfg = Debug|Any CPU
		{66EEC084-37F0-4ED1-AA51-263DB756A0B3}.Debug|Any CPU.Build.0 = Debug|Any CPU
		{66EEC084-37F0-4ED1-AA51-263DB756A0B3}.Release|Any CPU.ActiveCfg = Release|Any CPU
		{66EEC084-37F0-4ED1-AA51-263DB756A0B3}.Release|Any CPU.Build.0 = Release|Any CPU
		{DB8B18FD-6A6F-4E14-9B54-E412A1BDAFA7}.Debug|Any CPU.ActiveCfg = Debug|Any CPU
		{DB8B18FD-6A6F-4E14-9B54-E412A1BDAFA7}.Debug|Any CPU.Build.0 = Debug|Any CPU
		{DB8B18FD-6A6F-4E14-9B54-E412A1BDAFA7}.Release|Any CPU.ActiveCfg = Release|Any CPU
		{DB8B18FD-6A6F-4E14-9B54-E412A1BDAFA7}.Release|Any CPU.Build.0 = Release|Any CPU
		{FFC5D18E-6EC5-4A83-A5FD-A7310DD258FA}.Debug|Any CPU.ActiveCfg = Debug|Any CPU
		{FFC5D18E-6EC5-4A83-A5FD-A7310DD258FA}.Debug|Any CPU.Build.0 = Debug|Any CPU
		{FFC5D18E-6EC5-4A83-A5FD-A7310DD258FA}.Release|Any CPU.ActiveCfg = Release|Any CPU
		{FFC5D18E-6EC5-4A83-A5FD-A7310DD258FA}.Release|Any CPU.Build.0 = Release|Any CPU
		{FD05EBA1-108D-4526-B5E2-D88F9256F339}.Debug|Any CPU.ActiveCfg = Debug|Any CPU
		{FD05EBA1-108D-4526-B5E2-D88F9256F339}.Debug|Any CPU.Build.0 = Debug|Any CPU
		{FD05EBA1-108D-4526-B5E2-D88F9256F339}.Release|Any CPU.ActiveCfg = Release|Any CPU
		{FD05EBA1-108D-4526-B5E2-D88F9256F339}.Release|Any CPU.Build.0 = Release|Any CPU
		{D5153EC9-6D63-4BB4-AD35-AB819A9E5213}.Debug|Any CPU.ActiveCfg = Debug|Any CPU
		{D5153EC9-6D63-4BB4-AD35-AB819A9E5213}.Debug|Any CPU.Build.0 = Debug|Any CPU
		{D5153EC9-6D63-4BB4-AD35-AB819A9E5213}.Release|Any CPU.ActiveCfg = Release|Any CPU
		{D5153EC9-6D63-4BB4-AD35-AB819A9E5213}.Release|Any CPU.Build.0 = Release|Any CPU
		{00F73FE0-4979-4D27-97FE-4CE23D50D71C}.Debug|Any CPU.ActiveCfg = Debug|Any CPU
		{00F73FE0-4979-4D27-97FE-4CE23D50D71C}.Debug|Any CPU.Build.0 = Debug|Any CPU
		{00F73FE0-4979-4D27-97FE-4CE23D50D71C}.Release|Any CPU.ActiveCfg = Release|Any CPU
		{00F73FE0-4979-4D27-97FE-4CE23D50D71C}.Release|Any CPU.Build.0 = Release|Any CPU
		{10456013-7D8B-4032-96BC-AF0FB6D06226}.Debug|Any CPU.ActiveCfg = Debug|Any CPU
		{10456013-7D8B-4032-96BC-AF0FB6D06226}.Debug|Any CPU.Build.0 = Debug|Any CPU
		{10456013-7D8B-4032-96BC-AF0FB6D06226}.Release|Any CPU.ActiveCfg = Release|Any CPU
		{10456013-7D8B-4032-96BC-AF0FB6D06226}.Release|Any CPU.Build.0 = Release|Any CPU
		{D5C852F1-0120-43CB-8885-786B6E6F8F9C}.Debug|Any CPU.ActiveCfg = Debug|Any CPU
		{D5C852F1-0120-43CB-8885-786B6E6F8F9C}.Debug|Any CPU.Build.0 = Debug|Any CPU
		{D5C852F1-0120-43CB-8885-786B6E6F8F9C}.Release|Any CPU.ActiveCfg = Release|Any CPU
		{D5C852F1-0120-43CB-8885-786B6E6F8F9C}.Release|Any CPU.Build.0 = Release|Any CPU
		{BD81EF84-9965-4971-9A4E-82929077B47A}.Debug|Any CPU.ActiveCfg = Debug|Any CPU
		{BD81EF84-9965-4971-9A4E-82929077B47A}.Debug|Any CPU.Build.0 = Debug|Any CPU
		{BD81EF84-9965-4971-9A4E-82929077B47A}.Release|Any CPU.ActiveCfg = Release|Any CPU
		{BD81EF84-9965-4971-9A4E-82929077B47A}.Release|Any CPU.Build.0 = Release|Any CPU
		{A5D215C5-4B70-4C1F-8AC6-76B2A3CE350B}.Debug|Any CPU.ActiveCfg = Debug|Any CPU
		{A5D215C5-4B70-4C1F-8AC6-76B2A3CE350B}.Debug|Any CPU.Build.0 = Debug|Any CPU
		{A5D215C5-4B70-4C1F-8AC6-76B2A3CE350B}.Release|Any CPU.ActiveCfg = Release|Any CPU
		{A5D215C5-4B70-4C1F-8AC6-76B2A3CE350B}.Release|Any CPU.Build.0 = Release|Any CPU
		{54E3A6BD-6778-469C-8EDC-BEBFC5BE58BA}.Debug|Any CPU.ActiveCfg = Debug|Any CPU
		{54E3A6BD-6778-469C-8EDC-BEBFC5BE58BA}.Debug|Any CPU.Build.0 = Debug|Any CPU
		{54E3A6BD-6778-469C-8EDC-BEBFC5BE58BA}.Release|Any CPU.ActiveCfg = Release|Any CPU
		{54E3A6BD-6778-469C-8EDC-BEBFC5BE58BA}.Release|Any CPU.Build.0 = Release|Any CPU
	EndGlobalSection
	GlobalSection(SolutionProperties) = preSolution
		HideSolutionNode = FALSE
	EndGlobalSection
	GlobalSection(NestedProjects) = preSolution
		{91D9CC05-D1C7-4E4A-B292-DD0927248D75} = {0544F13F-67CB-4760-B000-DF39839BCDB7}
		{5F5CC46C-A865-4F99-AF92-5B152D6ABD4F} = {0544F13F-67CB-4760-B000-DF39839BCDB7}
		{6DAAB085-0BAC-4CF0-A8C1-080C8C619C59} = {0544F13F-67CB-4760-B000-DF39839BCDB7}
		{197C01DA-9167-43B6-A0A9-D0054BD3153E} = {0544F13F-67CB-4760-B000-DF39839BCDB7}
		{2944DB7E-80D6-49D1-B715-86893CCEE299} = {42A8DC95-1F9C-47B3-BEB7-3B3668B9F10A}
		{97E3EF68-E4F9-4782-B1A6-187F49EFB4EE} = {42A8DC95-1F9C-47B3-BEB7-3B3668B9F10A}
		{BFE0A74B-3757-41E2-AD67-8C0A77F22E6A} = {E0291246-719F-4258-9E4F-CA69098E95A5}
		{17F52DDC-700D-418E-BEFC-384E58764A7C} = {1228412C-AF0E-4B95-B1E0-FB782649AF4E}
		{1E83E257-0174-4479-A695-E7A7C486EC7D} = {9FE9955D-8A10-4BFB-B9D3-425A806E2F93}
		{B661F9BD-B8D6-414E-BDCD-C1518E87CA5C} = {9FE9955D-8A10-4BFB-B9D3-425A806E2F93}
		{7AC99A5B-0DD2-44AC-ABDE-548D80FFAFBA} = {42A8DC95-1F9C-47B3-BEB7-3B3668B9F10A}
		{9AF964C4-A769-4DEC-9A06-3324E01463FA} = {42A8DC95-1F9C-47B3-BEB7-3B3668B9F10A}
		{D7BBCF0D-BE21-4934-AC7F-1BD8889E8706} = {42A8DC95-1F9C-47B3-BEB7-3B3668B9F10A}
		{F0F2963E-5832-41B3-9368-BBAB70734FAD} = {42A8DC95-1F9C-47B3-BEB7-3B3668B9F10A}
		{C68D325F-180A-4633-A53B-2F860E73984F} = {9FE9955D-8A10-4BFB-B9D3-425A806E2F93}
		{66EEC084-37F0-4ED1-AA51-263DB756A0B3} = {9FE9955D-8A10-4BFB-B9D3-425A806E2F93}
		{DB8B18FD-6A6F-4E14-9B54-E412A1BDAFA7} = {9FE9955D-8A10-4BFB-B9D3-425A806E2F93}
		{FFC5D18E-6EC5-4A83-A5FD-A7310DD258FA} = {E0291246-719F-4258-9E4F-CA69098E95A5}
		{FD05EBA1-108D-4526-B5E2-D88F9256F339} = {E0291246-719F-4258-9E4F-CA69098E95A5}
		{D5153EC9-6D63-4BB4-AD35-AB819A9E5213} = {E0291246-719F-4258-9E4F-CA69098E95A5}
		{00F73FE0-4979-4D27-97FE-4CE23D50D71C} = {9FE9955D-8A10-4BFB-B9D3-425A806E2F93}
		{10456013-7D8B-4032-96BC-AF0FB6D06226} = {E0291246-719F-4258-9E4F-CA69098E95A5}
		{D5C852F1-0120-43CB-8885-786B6E6F8F9C} = {E0291246-719F-4258-9E4F-CA69098E95A5}
		{BD81EF84-9965-4971-9A4E-82929077B47A} = {1228412C-AF0E-4B95-B1E0-FB782649AF4E}
		{A5D215C5-4B70-4C1F-8AC6-76B2A3CE350B} = {1228412C-AF0E-4B95-B1E0-FB782649AF4E}
		{54E3A6BD-6778-469C-8EDC-BEBFC5BE58BA} = {1228412C-AF0E-4B95-B1E0-FB782649AF4E}
	EndGlobalSection
	GlobalSection(ExtensibilityGlobals) = postSolution
		SolutionGuid = {A1F3F4B6-A57C-4615-A1A2-916E35880697}
	EndGlobalSection
EndGlobal
